
Microsoft Visual Studio Solution File, Format Version 12.00
# Visual Studio Version 16
VisualStudioVersion = 16.0.29306.81
MinimumVisualStudioVersion = 10.0.40219.1
Project("{9A19103F-16F7-4668-BE54-9A1E7A4F7556}") = "ProjectoFinal", "ProjectoFinal\ProjectoFinal.csproj", "{C42BB6AD-090A-47CD-84DD-87D5908F71B9}"
EndProject
Project("{FAE04EC0-301F-11D3-BF4B-00C04F79EFBC}") = "ProjectoFinal.Data", "ProjectoFinal.Data\ProjectoFinal.Data.csproj", "{AE2A32EF-6C18-40A9-8225-AF9ED82EF374}"
EndProject
Global
	GlobalSection(SolutionConfigurationPlatforms) = preSolution
		Debug|Any CPU = Debug|Any CPU
		Release|Any CPU = Release|Any CPU
	EndGlobalSection
	GlobalSection(ProjectConfigurationPlatforms) = postSolution
		{C42BB6AD-090A-47CD-84DD-87D5908F71B9}.Debug|Any CPU.ActiveCfg = Debug|Any CPU
		{C42BB6AD-090A-47CD-84DD-87D5908F71B9}.Debug|Any CPU.Build.0 = Debug|Any CPU
		{C42BB6AD-090A-47CD-84DD-87D5908F71B9}.Release|Any CPU.ActiveCfg = Release|Any CPU
		{C42BB6AD-090A-47CD-84DD-87D5908F71B9}.Release|Any CPU.Build.0 = Release|Any CPU
		{AE2A32EF-6C18-40A9-8225-AF9ED82EF374}.Debug|Any CPU.ActiveCfg = Debug|Any CPU
		{AE2A32EF-6C18-40A9-8225-AF9ED82EF374}.Debug|Any CPU.Build.0 = Debug|Any CPU
		{AE2A32EF-6C18-40A9-8225-AF9ED82EF374}.Release|Any CPU.ActiveCfg = Release|Any CPU
		{AE2A32EF-6C18-40A9-8225-AF9ED82EF374}.Release|Any CPU.Build.0 = Release|Any CPU
	EndGlobalSection
	GlobalSection(SolutionProperties) = preSolution
		HideSolutionNode = FALSE
	EndGlobalSection
	GlobalSection(ExtensibilityGlobals) = postSolution
		SolutionGuid = {ABB2A39E-FFAC-4074-9760-A359B4BBE03B}
	EndGlobalSection
EndGlobal
